
Microsoft Visual Studio Solution File, Format Version 12.00
# Visual Studio 15
VisualStudioVersion = 15.0.28010.2026
MinimumVisualStudioVersion = 10.0.40219.1
Project("{FAE04EC0-301F-11D3-BF4B-00C04F79EFBC}") = "SuperheroProj", "SuperheroProj\SuperheroProj.csproj", "{18AD7770-86E2-45EB-8DA0-53056FC1D0BA}"
EndProject
Global
	GlobalSection(SolutionConfigurationPlatforms) = preSolution
		Debug|Any CPU = Debug|Any CPU
		Release|Any CPU = Release|Any CPU
	EndGlobalSection
	GlobalSection(ProjectConfigurationPlatforms) = postSolution
		{18AD7770-86E2-45EB-8DA0-53056FC1D0BA}.Debug|Any CPU.ActiveCfg = Debug|Any CPU
		{18AD7770-86E2-45EB-8DA0-53056FC1D0BA}.Debug|Any CPU.Build.0 = Debug|Any CPU
		{18AD7770-86E2-45EB-8DA0-53056FC1D0BA}.Release|Any CPU.ActiveCfg = Release|Any CPU
		{18AD7770-86E2-45EB-8DA0-53056FC1D0BA}.Release|Any CPU.Build.0 = Release|Any CPU
	EndGlobalSection
	GlobalSection(SolutionProperties) = preSolution
		HideSolutionNode = FALSE
	EndGlobalSection
	GlobalSection(ExtensibilityGlobals) = postSolution
		SolutionGuid = {D376A56A-AFF6-4BB9-931C-923A31291F2B}
	EndGlobalSection
EndGlobal
